dependencies:
  espressif/esp-nn:
    component_hash: f6f2851ce82137a66e4265071c9b852bbe0130b882a18dea9f03faea7bf1295a
    source:
      service_url: https://api.components.espressif.com/
      type: service
    version: 1.1.0
  espressif/esp-tflite-micro:
    component_hash: 28c9fd43c9896bd8676c0b5bfa73598e58f421d04e1a46be788d27a71c9b4cec
    source:
      service_url: https://api.components.espressif.com/
      type: service
    version: 1.3.1
  espressif/zlib:
    component_hash: 999ec50086ac1c82b8321d8f540dc9fd10f5622948b935558aa16b4b66e95d9d
    source:
      service_url: https://api.components.espressif.com/
      type: service
    version: 1.3.0
  idf:
    component_hash: null
    source:
      type: idf
    version: 5.2.0
manifest_hash: b4616a7670989fc58113fd7732fc69bf6e4fcd46ff1df3a399c223b776b1b198
target: esp32
version: 1.0.0
